
Microsoft Visual Studio Solution File, Format Version 12.00
# Visual Studio 15
VisualStudioVersion = 15.0.28307.539
MinimumVisualStudioVersion = 10.0.40219.1
Project("{FAE04EC0-301F-11D3-BF4B-00C04F79EFBC}") = "AggieWebApi", "AggieWebApi\AggieWebApi.csproj", "{CFF22F01-37FA-4929-901C-D793CA60C1A5}"
EndProject
Project("{FAE04EC0-301F-11D3-BF4B-00C04F79EFBC}") = "AggieGlobal.WebApi.Common", "AggieGlobal.WebApi.Common\AggieGlobal.WebApi.Common\AggieGlobal.WebApi.Common.csproj", "{87E26B59-BFED-49C7-BBFA-AEE13AAAF7DF}"
EndProject
Global
	GlobalSection(SolutionConfigurationPlatforms) = preSolution
		Debug|Any CPU = Debug|Any CPU
		Release|Any CPU = Release|Any CPU
	EndGlobalSection
	GlobalSection(ProjectConfigurationPlatforms) = postSolution
		{CFF22F01-37FA-4929-901C-D793CA60C1A5}.Debug|Any CPU.ActiveCfg = Debug|Any CPU
		{CFF22F01-37FA-4929-901C-D793CA60C1A5}.Debug|Any CPU.Build.0 = Debug|Any CPU
		{CFF22F01-37FA-4929-901C-D793CA60C1A5}.Release|Any CPU.ActiveCfg = Release|Any CPU
		{CFF22F01-37FA-4929-901C-D793CA60C1A5}.Release|Any CPU.Build.0 = Release|Any CPU
		{87E26B59-BFED-49C7-BBFA-AEE13AAAF7DF}.Debug|Any CPU.ActiveCfg = Debug|Any CPU
		{87E26B59-BFED-49C7-BBFA-AEE13AAAF7DF}.Debug|Any CPU.Build.0 = Debug|Any CPU
		{87E26B59-BFED-49C7-BBFA-AEE13AAAF7DF}.Release|Any CPU.ActiveCfg = Release|Any CPU
		{87E26B59-BFED-49C7-BBFA-AEE13AAAF7DF}.Release|Any CPU.Build.0 = Release|Any CPU
	EndGlobalSection
	GlobalSection(SolutionProperties) = preSolution
		HideSolutionNode = FALSE
	EndGlobalSection
	GlobalSection(ExtensibilityGlobals) = postSolution
		SolutionGuid = {28EE8641-D0C4-4670-AAB7-5520E5E508A2}
	EndGlobalSection
EndGlobal
